
Microsoft Visual Studio Solution File, Format Version 12.00
# Visual Studio Version 17
VisualStudioVersion = 17.9.34607.119
MinimumVisualStudioVersion = 10.0.40219.1
Project("{FAE04EC0-301F-11D3-BF4B-00C04F79EFBC}") = "OrderingSystem", "OrderingSystem.csproj", "{BC7A7EFD-9BD0-4223-A7AA-DD4D7926EFF3}"
EndProject
Global
	GlobalSection(SolutionConfigurationPlatforms) = preSolution
		Debug|Any CPU = Debug|Any CPU
		Release|Any CPU = Release|Any CPU
	EndGlobalSection
	GlobalSection(ProjectConfigurationPlatforms) = postSolution
		{BC7A7EFD-9BD0-4223-A7AA-DD4D7926EFF3}.Debug|Any CPU.ActiveCfg = Debug|Any CPU
		{BC7A7EFD-9BD0-4223-A7AA-DD4D7926EFF3}.Debug|Any CPU.Build.0 = Debug|Any CPU
		{BC7A7EFD-9BD0-4223-A7AA-DD4D7926EFF3}.Release|Any CPU.ActiveCfg = Release|Any CPU
		{BC7A7EFD-9BD0-4223-A7AA-DD4D7926EFF3}.Release|Any CPU.Build.0 = Release|Any CPU
	EndGlobalSection
	GlobalSection(SolutionProperties) = preSolution
		HideSolutionNode = FALSE
	EndGlobalSection
	GlobalSection(ExtensibilityGlobals) = postSolution
		SolutionGuid = {0F204DDA-395E-4F9C-87EC-FF82DC315E59}
	EndGlobalSection
EndGlobal
